
Microsoft Visual Studio Solution File, Format Version 12.00
# Visual Studio Version 17
VisualStudioVersion = 17.0.31717.71
MinimumVisualStudioVersion = 10.0.40219.1
Project("{2150E333-8FDC-42A3-9474-1A3956D46DE8}") = "Enterprice Busines Rules", "Enterprice Busines Rules", "{20780E81-12EA-4BA1-BD77-4C41D98F85A4}"
EndProject
Project("{9A19103F-16F7-4668-BE54-9A1E7A4F7556}") = "CrearOrden.Entities", "CrearOrdern.Entities\CrearOrden.Entities.csproj", "{85A5BA56-9894-42F0-803B-2254928CE98B}"
EndProject
Project("{2150E333-8FDC-42A3-9474-1A3956D46DE8}") = "Aplication Busines Rules", "Aplication Busines Rules", "{1D056E77-6198-450D-8100-950730CD8F7B}"
EndProject
Project("{2150E333-8FDC-42A3-9474-1A3956D46DE8}") = "Interfaces Adapters", "Interfaces Adapters", "{02E83B90-29F1-4021-B04B-3541C82A3112}"
EndProject
Project("{2150E333-8FDC-42A3-9474-1A3956D46DE8}") = "Frameworks Adapters", "Frameworks Adapters", "{26C43010-30A3-4848-8459-542D1F42B65B}"
EndProject
Project("{2150E333-8FDC-42A3-9474-1A3956D46DE8}") = "Gatways", "Gatways", "{3B474AE6-AF28-474F-8C17-B7B8D85C5CCF}"
EndProject
Project("{9A19103F-16F7-4668-BE54-9A1E7A4F7556}") = "CrearOrden.Repositories.EFCore", "CrearOrden.Repositories.EFCore\CrearOrden.Repositories.EFCore.csproj", "{F17C8702-FA29-4B84-B6AF-F3B68164E09F}"
EndProject
Project("{9A19103F-16F7-4668-BE54-9A1E7A4F7556}") = "CrearOrden.UseCasesDTOs", "CrearOrden.UseCasesDTOs\CrearOrden.UseCasesDTOs.csproj", "{6EB328AB-F9E4-45E8-ABB6-388366CC34C8}"
EndProject
Project("{9A19103F-16F7-4668-BE54-9A1E7A4F7556}") = "CreateOrden.UseCases", "CreateOrden.UseCases\CreateOrden.UseCases.csproj", "{6442C11B-4F66-4ED7-B9A7-613543917567}"
EndProject
Project("{9A19103F-16F7-4668-BE54-9A1E7A4F7556}") = "CrearOrden.InversionOfControl", "CrearOrden.InversionOfControl\CrearOrden.InversionOfControl.csproj", "{0FE63B5C-30A3-4171-8A62-1AF6B4F3726A}"
EndProject
Project("{2150E333-8FDC-42A3-9474-1A3956D46DE8}") = "Presenters", "Presenters", "{007FB11F-CF8B-477D-9F55-92E4AF84B1B8}"
EndProject
Project("{9A19103F-16F7-4668-BE54-9A1E7A4F7556}") = "CrearOrden.WebExceptionsPresenter", "CreatOrden.WebExceptionsPresenter\CrearOrden.WebExceptionsPresenter.csproj", "{B42608F9-D891-4E7E-9167-F02899860F82}"
EndProject
Project("{9A19103F-16F7-4668-BE54-9A1E7A4F7556}") = "CrearOrden.WebApi", "CrearOrden.WebApi\CrearOrden.WebApi.csproj", "{175962A4-CDCA-4577-AD2B-809073E4B641}"
EndProject
Project("{2150E333-8FDC-42A3-9474-1A3956D46DE8}") = "Documentacion", "Documentacion", "{371AA1C3-9343-4CB5-98C1-9AA548C0B75D}"
	ProjectSection(SolutionItems) = preProject
		ReadMe.txt = ReadMe.txt
	EndProjectSection
EndProject
Project("{9A19103F-16F7-4668-BE54-9A1E7A4F7556}") = "CrearOrden.Presenters", "CrearOrden.Presenters\CrearOrden.Presenters.csproj", "{3C431880-E5B9-4F03-8E14-64519D297063}"
EndProject
Project("{2150E333-8FDC-42A3-9474-1A3956D46DE8}") = "Controllers", "Controllers", "{740015BC-1A62-4449-8F12-EBAEB9678B72}"
EndProject
Project("{9A19103F-16F7-4668-BE54-9A1E7A4F7556}") = "CrearOrden.Controllers", "CrearOrden.Controllers\CrearOrden.Controllers.csproj", "{280D2A0B-861C-46EA-9B95-865C244E9F89}"
EndProject
Project("{2150E333-8FDC-42A3-9474-1A3956D46DE8}") = "UI", "UI", "{DCEBB3AE-F095-4C99-B764-0F7AB6D64440}"
EndProject
Project("{9A19103F-16F7-4668-BE54-9A1E7A4F7556}") = "CrearOrden.UseCases.Ports", "CrearOrden.UseCases.Ports\CrearOrden.UseCases.Ports.csproj", "{DF533FBD-ED9B-461D-B411-88AF27D6EA5C}"
EndProject
Project("{9A19103F-16F7-4668-BE54-9A1E7A4F7556}") = "Sales.Entities", "Sales.Entities\Sales.Entities.csproj", "{A562C49F-46AB-4B17-B1E5-B85CC708F0EC}"
EndProject
Project("{9A19103F-16F7-4668-BE54-9A1E7A4F7556}") = "Sales.DTOs", "Sales.DTOs\Sales.DTOs.csproj", "{4249FD97-18BF-4741-8FDB-49829C034782}"
EndProject
Project("{9A19103F-16F7-4668-BE54-9A1E7A4F7556}") = "Sales.UseCasesPorts", "Sales.UseCasesPorts\Sales.UseCasesPorts.csproj", "{8AA44DC2-47EC-4E03-A39B-29A0FD59F48A}"
EndProject
Project("{9A19103F-16F7-4668-BE54-9A1E7A4F7556}") = "Sales.Events", "Sales.Events\Sales.Events.csproj", "{1AC03E51-0D2D-4BF2-BD40-972FDBE71C81}"
EndProject
Project("{9A19103F-16F7-4668-BE54-9A1E7A4F7556}") = "Sales.UseCases", "Sales.UseCases\Sales.UseCases.csproj", "{E837501F-198A-47B5-9618-D94DAC503E44}"
EndProject
Project("{2150E333-8FDC-42A3-9474-1A3956D46DE8}") = "Repositories", "Repositories", "{1D6782B3-5272-47D0-9B1B-2525413462B8}"
EndProject
Project("{9A19103F-16F7-4668-BE54-9A1E7A4F7556}") = "Sales.Reppository.EFCore", "Sales.Reppository.EFCore\Sales.Reppository.EFCore.csproj", "{E3A13DE7-6130-4661-BFA4-B6E850B6478D}"
EndProject
Project("{9A19103F-16F7-4668-BE54-9A1E7A4F7556}") = "Sales.Repository.IoC", "Sales.Repository.IoC\Sales.Repository.IoC.csproj", "{AA6CF14F-5930-4E0C-A211-4A543C83910E}"
EndProject
Project("{9A19103F-16F7-4668-BE54-9A1E7A4F7556}") = "Sales.Mail", "Sales.Mail\Sales.Mail.csproj", "{11C43C0F-958B-40DE-8D60-F29BB49D3B9E}"
EndProject
Project("{9A19103F-16F7-4668-BE54-9A1E7A4F7556}") = "Sales.Loggers", "Sales.Loggers\Sales.Loggers.csproj", "{7DE65F43-0B34-4497-9155-11308A6B18C0}"
EndProject
Project("{9A19103F-16F7-4668-BE54-9A1E7A4F7556}") = "Sales.WebExceptionPresenters", "Sales.WebExceptionPresenters\Sales.WebExceptionPresenters.csproj", "{70E4E6CE-F674-4122-BC89-7119EB4E719E}"
EndProject
Project("{2150E333-8FDC-42A3-9474-1A3956D46DE8}") = "ViewModels", "ViewModels", "{EFDAA879-1B07-4397-A1C2-17A08D51F3CA}"
EndProject
Project("{9A19103F-16F7-4668-BE54-9A1E7A4F7556}") = "Sales.ViewModels", "Sales.ViewModels\Sales.ViewModels.csproj", "{85CFF31F-6904-4607-87CC-52EC2B71D4B5}"
EndProject
Project("{9A19103F-16F7-4668-BE54-9A1E7A4F7556}") = "Sales.Presenters", "Sales.Presenters\Sales.Presenters.csproj", "{7D675FDD-67FD-442F-82D9-597D109B264E}"
EndProject
Project("{2150E333-8FDC-42A3-9474-1A3956D46DE8}") = "Views", "Views", "{05E7A25A-39F4-4E0D-BB3E-E903F51B3697}"
EndProject
Project("{9A19103F-16F7-4668-BE54-9A1E7A4F7556}") = "Sales.Views", "Sales.Views\Sales.Views.csproj", "{CB4B2697-9085-46B6-AC5E-9B4E307CAE40}"
EndProject
Project("{9A19103F-16F7-4668-BE54-9A1E7A4F7556}") = "Sales.Controllers", "Sales.Controllers\Sales.Controllers.csproj", "{E9AE2484-7DFA-47D6-8A94-92EFACC3EBD2}"
EndProject
Project("{FAE04EC0-301F-11D3-BF4B-00C04F79EFBC}") = "Sales.WebApi", "Sales.WebApi\Sales.WebApi.csproj", "{554C7AAD-8373-429F-A21F-FE65F7BB9F62}"
EndProject
Project("{FAE04EC0-301F-11D3-BF4B-00C04F79EFBC}") = "Sales.Console.Controllers", "Sales.Console.Controllers\Sales.Console.Controllers.csproj", "{0FBAA59C-64E8-411B-B5DE-B9AB92EF6482}"
EndProject
Project("{FAE04EC0-301F-11D3-BF4B-00C04F79EFBC}") = "Sales.ConsoleUI", "Sales.Console.UI\Sales.ConsoleUI.csproj", "{85C8FB13-F56D-48F9-AC12-72C3C7379FD9}"
EndProject
Global
	GlobalSection(SolutionConfigurationPlatforms) = preSolution
		Debug|Any CPU = Debug|Any CPU
		Release|Any CPU = Release|Any CPU
	EndGlobalSection
	GlobalSection(ProjectConfigurationPlatforms) = postSolution
		{85A5BA56-9894-42F0-803B-2254928CE98B}.Debug|Any CPU.ActiveCfg = Debug|Any CPU
		{85A5BA56-9894-42F0-803B-2254928CE98B}.Debug|Any CPU.Build.0 = Debug|Any CPU
		{85A5BA56-9894-42F0-803B-2254928CE98B}.Release|Any CPU.ActiveCfg = Release|Any CPU
		{85A5BA56-9894-42F0-803B-2254928CE98B}.Release|Any CPU.Build.0 = Release|Any CPU
		{F17C8702-FA29-4B84-B6AF-F3B68164E09F}.Debug|Any CPU.ActiveCfg = Debug|Any CPU
		{F17C8702-FA29-4B84-B6AF-F3B68164E09F}.Debug|Any CPU.Build.0 = Debug|Any CPU
		{F17C8702-FA29-4B84-B6AF-F3B68164E09F}.Release|Any CPU.ActiveCfg = Release|Any CPU
		{F17C8702-FA29-4B84-B6AF-F3B68164E09F}.Release|Any CPU.Build.0 = Release|Any CPU
		{6EB328AB-F9E4-45E8-ABB6-388366CC34C8}.Debug|Any CPU.ActiveCfg = Debug|Any CPU
		{6EB328AB-F9E4-45E8-ABB6-388366CC34C8}.Debug|Any CPU.Build.0 = Debug|Any CPU
		{6EB328AB-F9E4-45E8-ABB6-388366CC34C8}.Release|Any CPU.ActiveCfg = Release|Any CPU
		{6EB328AB-F9E4-45E8-ABB6-388366CC34C8}.Release|Any CPU.Build.0 = Release|Any CPU
		{6442C11B-4F66-4ED7-B9A7-613543917567}.Debug|Any CPU.ActiveCfg = Debug|Any CPU
		{6442C11B-4F66-4ED7-B9A7-613543917567}.Debug|Any CPU.Build.0 = Debug|Any CPU
		{6442C11B-4F66-4ED7-B9A7-613543917567}.Release|Any CPU.ActiveCfg = Release|Any CPU
		{6442C11B-4F66-4ED7-B9A7-613543917567}.Release|Any CPU.Build.0 = Release|Any CPU
		{0FE63B5C-30A3-4171-8A62-1AF6B4F3726A}.Debug|Any CPU.ActiveCfg = Debug|Any CPU
		{0FE63B5C-30A3-4171-8A62-1AF6B4F3726A}.Debug|Any CPU.Build.0 = Debug|Any CPU
		{0FE63B5C-30A3-4171-8A62-1AF6B4F3726A}.Release|Any CPU.ActiveCfg = Release|Any CPU
		{0FE63B5C-30A3-4171-8A62-1AF6B4F3726A}.Release|Any CPU.Build.0 = Release|Any CPU
		{B42608F9-D891-4E7E-9167-F02899860F82}.Debug|Any CPU.ActiveCfg = Debug|Any CPU
		{B42608F9-D891-4E7E-9167-F02899860F82}.Debug|Any CPU.Build.0 = Debug|Any CPU
		{B42608F9-D891-4E7E-9167-F02899860F82}.Release|Any CPU.ActiveCfg = Release|Any CPU
		{B42608F9-D891-4E7E-9167-F02899860F82}.Release|Any CPU.Build.0 = Release|Any CPU
		{175962A4-CDCA-4577-AD2B-809073E4B641}.Debug|Any CPU.ActiveCfg = Debug|Any CPU
		{175962A4-CDCA-4577-AD2B-809073E4B641}.Debug|Any CPU.Build.0 = Debug|Any CPU
		{175962A4-CDCA-4577-AD2B-809073E4B641}.Release|Any CPU.ActiveCfg = Release|Any CPU
		{175962A4-CDCA-4577-AD2B-809073E4B641}.Release|Any CPU.Build.0 = Release|Any CPU
		{3C431880-E5B9-4F03-8E14-64519D297063}.Debug|Any CPU.ActiveCfg = Debug|Any CPU
		{3C431880-E5B9-4F03-8E14-64519D297063}.Debug|Any CPU.Build.0 = Debug|Any CPU
		{3C431880-E5B9-4F03-8E14-64519D297063}.Release|Any CPU.ActiveCfg = Release|Any CPU
		{3C431880-E5B9-4F03-8E14-64519D297063}.Release|Any CPU.Build.0 = Release|Any CPU
		{280D2A0B-861C-46EA-9B95-865C244E9F89}.Debug|Any CPU.ActiveCfg = Debug|Any CPU
		{280D2A0B-861C-46EA-9B95-865C244E9F89}.Debug|Any CPU.Build.0 = Debug|Any CPU
		{280D2A0B-861C-46EA-9B95-865C244E9F89}.Release|Any CPU.ActiveCfg = Release|Any CPU
		{280D2A0B-861C-46EA-9B95-865C244E9F89}.Release|Any CPU.Build.0 = Release|Any CPU
		{DF533FBD-ED9B-461D-B411-88AF27D6EA5C}.Debug|Any CPU.ActiveCfg = Debug|Any CPU
		{DF533FBD-ED9B-461D-B411-88AF27D6EA5C}.Debug|Any CPU.Build.0 = Debug|Any CPU
		{DF533FBD-ED9B-461D-B411-88AF27D6EA5C}.Release|Any CPU.ActiveCfg = Release|Any CPU
		{DF533FBD-ED9B-461D-B411-88AF27D6EA5C}.Release|Any CPU.Build.0 = Release|Any CPU
		{A562C49F-46AB-4B17-B1E5-B85CC708F0EC}.Debug|Any CPU.ActiveCfg = Debug|Any CPU
		{A562C49F-46AB-4B17-B1E5-B85CC708F0EC}.Debug|Any CPU.Build.0 = Debug|Any CPU
		{A562C49F-46AB-4B17-B1E5-B85CC708F0EC}.Release|Any CPU.ActiveCfg = Release|Any CPU
		{A562C49F-46AB-4B17-B1E5-B85CC708F0EC}.Release|Any CPU.Build.0 = Release|Any CPU
		{4249FD97-18BF-4741-8FDB-49829C034782}.Debug|Any CPU.ActiveCfg = Debug|Any CPU
		{4249FD97-18BF-4741-8FDB-49829C034782}.Debug|Any CPU.Build.0 = Debug|Any CPU
		{4249FD97-18BF-4741-8FDB-49829C034782}.Release|Any CPU.ActiveCfg = Release|Any CPU
		{4249FD97-18BF-4741-8FDB-49829C034782}.Release|Any CPU.Build.0 = Release|Any CPU
		{8AA44DC2-47EC-4E03-A39B-29A0FD59F48A}.Debug|Any CPU.ActiveCfg = Debug|Any CPU
		{8AA44DC2-47EC-4E03-A39B-29A0FD59F48A}.Debug|Any CPU.Build.0 = Debug|Any CPU
		{8AA44DC2-47EC-4E03-A39B-29A0FD59F48A}.Release|Any CPU.ActiveCfg = Release|Any CPU
		{8AA44DC2-47EC-4E03-A39B-29A0FD59F48A}.Release|Any CPU.Build.0 = Release|Any CPU
		{1AC03E51-0D2D-4BF2-BD40-972FDBE71C81}.Debug|Any CPU.ActiveCfg = Debug|Any CPU
		{1AC03E51-0D2D-4BF2-BD40-972FDBE71C81}.Debug|Any CPU.Build.0 = Debug|Any CPU
		{1AC03E51-0D2D-4BF2-BD40-972FDBE71C81}.Release|Any CPU.ActiveCfg = Release|Any CPU
		{1AC03E51-0D2D-4BF2-BD40-972FDBE71C81}.Release|Any CPU.Build.0 = Release|Any CPU
		{E837501F-198A-47B5-9618-D94DAC503E44}.Debug|Any CPU.ActiveCfg = Debug|Any CPU
		{E837501F-198A-47B5-9618-D94DAC503E44}.Debug|Any CPU.Build.0 = Debug|Any CPU
		{E837501F-198A-47B5-9618-D94DAC503E44}.Release|Any CPU.ActiveCfg = Release|Any CPU
		{E837501F-198A-47B5-9618-D94DAC503E44}.Release|Any CPU.Build.0 = Release|Any CPU
		{E3A13DE7-6130-4661-BFA4-B6E850B6478D}.Debug|Any CPU.ActiveCfg = Debug|Any CPU
		{E3A13DE7-6130-4661-BFA4-B6E850B6478D}.Debug|Any CPU.Build.0 = Debug|Any CPU
		{E3A13DE7-6130-4661-BFA4-B6E850B6478D}.Release|Any CPU.ActiveCfg = Release|Any CPU
		{E3A13DE7-6130-4661-BFA4-B6E850B6478D}.Release|Any CPU.Build.0 = Release|Any CPU
		{AA6CF14F-5930-4E0C-A211-4A543C83910E}.Debug|Any CPU.ActiveCfg = Debug|Any CPU
		{AA6CF14F-5930-4E0C-A211-4A543C83910E}.Debug|Any CPU.Build.0 = Debug|Any CPU
		{AA6CF14F-5930-4E0C-A211-4A543C83910E}.Release|Any CPU.ActiveCfg = Release|Any CPU
		{AA6CF14F-5930-4E0C-A211-4A543C83910E}.Release|Any CPU.Build.0 = Release|Any CPU
		{11C43C0F-958B-40DE-8D60-F29BB49D3B9E}.Debug|Any CPU.ActiveCfg = Debug|Any CPU
		{11C43C0F-958B-40DE-8D60-F29BB49D3B9E}.Debug|Any CPU.Build.0 = Debug|Any CPU
		{11C43C0F-958B-40DE-8D60-F29BB49D3B9E}.Release|Any CPU.ActiveCfg = Release|Any CPU
		{11C43C0F-958B-40DE-8D60-F29BB49D3B9E}.Release|Any CPU.Build.0 = Release|Any CPU
		{7DE65F43-0B34-4497-9155-11308A6B18C0}.Debug|Any CPU.ActiveCfg = Debug|Any CPU
		{7DE65F43-0B34-4497-9155-11308A6B18C0}.Debug|Any CPU.Build.0 = Debug|Any CPU
		{7DE65F43-0B34-4497-9155-11308A6B18C0}.Release|Any CPU.ActiveCfg = Release|Any CPU
		{7DE65F43-0B34-4497-9155-11308A6B18C0}.Release|Any CPU.Build.0 = Release|Any CPU
		{70E4E6CE-F674-4122-BC89-7119EB4E719E}.Debug|Any CPU.ActiveCfg = Debug|Any CPU
		{70E4E6CE-F674-4122-BC89-7119EB4E719E}.Debug|Any CPU.Build.0 = Debug|Any CPU
		{70E4E6CE-F674-4122-BC89-7119EB4E719E}.Release|Any CPU.ActiveCfg = Release|Any CPU
		{70E4E6CE-F674-4122-BC89-7119EB4E719E}.Release|Any CPU.Build.0 = Release|Any CPU
		{85CFF31F-6904-4607-87CC-52EC2B71D4B5}.Debug|Any CPU.ActiveCfg = Debug|Any CPU
		{85CFF31F-6904-4607-87CC-52EC2B71D4B5}.Debug|Any CPU.Build.0 = Debug|Any CPU
		{85CFF31F-6904-4607-87CC-52EC2B71D4B5}.Release|Any CPU.ActiveCfg = Release|Any CPU
		{85CFF31F-6904-4607-87CC-52EC2B71D4B5}.Release|Any CPU.Build.0 = Release|Any CPU
		{7D675FDD-67FD-442F-82D9-597D109B264E}.Debug|Any CPU.ActiveCfg = Debug|Any CPU
		{7D675FDD-67FD-442F-82D9-597D109B264E}.Debug|Any CPU.Build.0 = Debug|Any CPU
		{7D675FDD-67FD-442F-82D9-597D109B264E}.Release|Any CPU.ActiveCfg = Release|Any CPU
		{7D675FDD-67FD-442F-82D9-597D109B264E}.Release|Any CPU.Build.0 = Release|Any CPU
		{CB4B2697-9085-46B6-AC5E-9B4E307CAE40}.Debug|Any CPU.ActiveCfg = Debug|Any CPU
		{CB4B2697-9085-46B6-AC5E-9B4E307CAE40}.Debug|Any CPU.Build.0 = Debug|Any CPU
		{CB4B2697-9085-46B6-AC5E-9B4E307CAE40}.Release|Any CPU.ActiveCfg = Release|Any CPU
		{CB4B2697-9085-46B6-AC5E-9B4E307CAE40}.Release|Any CPU.Build.0 = Release|Any CPU
		{E9AE2484-7DFA-47D6-8A94-92EFACC3EBD2}.Debug|Any CPU.ActiveCfg = Debug|Any CPU
		{E9AE2484-7DFA-47D6-8A94-92EFACC3EBD2}.Debug|Any CPU.Build.0 = Debug|Any CPU
		{E9AE2484-7DFA-47D6-8A94-92EFACC3EBD2}.Release|Any CPU.ActiveCfg = Release|Any CPU
		{E9AE2484-7DFA-47D6-8A94-92EFACC3EBD2}.Release|Any CPU.Build.0 = Release|Any CPU
		{554C7AAD-8373-429F-A21F-FE65F7BB9F62}.Debug|Any CPU.ActiveCfg = Debug|Any CPU
		{554C7AAD-8373-429F-A21F-FE65F7BB9F62}.Debug|Any CPU.Build.0 = Debug|Any CPU
		{554C7AAD-8373-429F-A21F-FE65F7BB9F62}.Release|Any CPU.ActiveCfg = Release|Any CPU
		{554C7AAD-8373-429F-A21F-FE65F7BB9F62}.Release|Any CPU.Build.0 = Release|Any CPU
		{0FBAA59C-64E8-411B-B5DE-B9AB92EF6482}.Debug|Any CPU.ActiveCfg = Debug|Any CPU
		{0FBAA59C-64E8-411B-B5DE-B9AB92EF6482}.Debug|Any CPU.Build.0 = Debug|Any CPU
		{0FBAA59C-64E8-411B-B5DE-B9AB92EF6482}.Release|Any CPU.ActiveCfg = Release|Any CPU
		{0FBAA59C-64E8-411B-B5DE-B9AB92EF6482}.Release|Any CPU.Build.0 = Release|Any CPU
		{85C8FB13-F56D-48F9-AC12-72C3C7379FD9}.Debug|Any CPU.ActiveCfg = Debug|Any CPU
		{85C8FB13-F56D-48F9-AC12-72C3C7379FD9}.Debug|Any CPU.Build.0 = Debug|Any CPU
		{85C8FB13-F56D-48F9-AC12-72C3C7379FD9}.Release|Any CPU.ActiveCfg = Release|Any CPU
		{85C8FB13-F56D-48F9-AC12-72C3C7379FD9}.Release|Any CPU.Build.0 = Release|Any CPU
	EndGlobalSection
	GlobalSection(SolutionProperties) = preSolution
		HideSolutionNode = FALSE
	EndGlobalSection
	GlobalSection(NestedProjects) = preSolution
		{85A5BA56-9894-42F0-803B-2254928CE98B} = {20780E81-12EA-4BA1-BD77-4C41D98F85A4}
		{3B474AE6-AF28-474F-8C17-B7B8D85C5CCF} = {02E83B90-29F1-4021-B04B-3541C82A3112}
		{F17C8702-FA29-4B84-B6AF-F3B68164E09F} = {1D6782B3-5272-47D0-9B1B-2525413462B8}
		{6EB328AB-F9E4-45E8-ABB6-388366CC34C8} = {1D056E77-6198-450D-8100-950730CD8F7B}
		{6442C11B-4F66-4ED7-B9A7-613543917567} = {1D056E77-6198-450D-8100-950730CD8F7B}
		{0FE63B5C-30A3-4171-8A62-1AF6B4F3726A} = {02E83B90-29F1-4021-B04B-3541C82A3112}
		{007FB11F-CF8B-477D-9F55-92E4AF84B1B8} = {02E83B90-29F1-4021-B04B-3541C82A3112}
		{B42608F9-D891-4E7E-9167-F02899860F82} = {007FB11F-CF8B-477D-9F55-92E4AF84B1B8}
		{175962A4-CDCA-4577-AD2B-809073E4B641} = {DCEBB3AE-F095-4C99-B764-0F7AB6D64440}
		{3C431880-E5B9-4F03-8E14-64519D297063} = {007FB11F-CF8B-477D-9F55-92E4AF84B1B8}
		{740015BC-1A62-4449-8F12-EBAEB9678B72} = {02E83B90-29F1-4021-B04B-3541C82A3112}
		{280D2A0B-861C-46EA-9B95-865C244E9F89} = {740015BC-1A62-4449-8F12-EBAEB9678B72}
		{DCEBB3AE-F095-4C99-B764-0F7AB6D64440} = {26C43010-30A3-4848-8459-542D1F42B65B}
		{DF533FBD-ED9B-461D-B411-88AF27D6EA5C} = {1D056E77-6198-450D-8100-950730CD8F7B}
		{A562C49F-46AB-4B17-B1E5-B85CC708F0EC} = {20780E81-12EA-4BA1-BD77-4C41D98F85A4}
		{4249FD97-18BF-4741-8FDB-49829C034782} = {1D056E77-6198-450D-8100-950730CD8F7B}
		{8AA44DC2-47EC-4E03-A39B-29A0FD59F48A} = {1D056E77-6198-450D-8100-950730CD8F7B}
		{1AC03E51-0D2D-4BF2-BD40-972FDBE71C81} = {1D056E77-6198-450D-8100-950730CD8F7B}
		{E837501F-198A-47B5-9618-D94DAC503E44} = {1D056E77-6198-450D-8100-950730CD8F7B}
		{1D6782B3-5272-47D0-9B1B-2525413462B8} = {3B474AE6-AF28-474F-8C17-B7B8D85C5CCF}
		{E3A13DE7-6130-4661-BFA4-B6E850B6478D} = {1D6782B3-5272-47D0-9B1B-2525413462B8}
		{AA6CF14F-5930-4E0C-A211-4A543C83910E} = {1D6782B3-5272-47D0-9B1B-2525413462B8}
		{11C43C0F-958B-40DE-8D60-F29BB49D3B9E} = {3B474AE6-AF28-474F-8C17-B7B8D85C5CCF}
		{7DE65F43-0B34-4497-9155-11308A6B18C0} = {3B474AE6-AF28-474F-8C17-B7B8D85C5CCF}
		{70E4E6CE-F674-4122-BC89-7119EB4E719E} = {007FB11F-CF8B-477D-9F55-92E4AF84B1B8}
		{EFDAA879-1B07-4397-A1C2-17A08D51F3CA} = {02E83B90-29F1-4021-B04B-3541C82A3112}
		{85CFF31F-6904-4607-87CC-52EC2B71D4B5} = {EFDAA879-1B07-4397-A1C2-17A08D51F3CA}
		{7D675FDD-67FD-442F-82D9-597D109B264E} = {007FB11F-CF8B-477D-9F55-92E4AF84B1B8}
		{05E7A25A-39F4-4E0D-BB3E-E903F51B3697} = {02E83B90-29F1-4021-B04B-3541C82A3112}
		{CB4B2697-9085-46B6-AC5E-9B4E307CAE40} = {05E7A25A-39F4-4E0D-BB3E-E903F51B3697}
		{E9AE2484-7DFA-47D6-8A94-92EFACC3EBD2} = {740015BC-1A62-4449-8F12-EBAEB9678B72}
		{554C7AAD-8373-429F-A21F-FE65F7BB9F62} = {DCEBB3AE-F095-4C99-B764-0F7AB6D64440}
		{0FBAA59C-64E8-411B-B5DE-B9AB92EF6482} = {740015BC-1A62-4449-8F12-EBAEB9678B72}
		{85C8FB13-F56D-48F9-AC12-72C3C7379FD9} = {DCEBB3AE-F095-4C99-B764-0F7AB6D64440}
	EndGlobalSection
	GlobalSection(ExtensibilityGlobals) = postSolution
		SolutionGuid = {C2CDFE2F-5C00-417E-B127-AB1EE4C81F49}
	EndGlobalSection
EndGlobal
